
Microsoft Visual Studio Solution File, Format Version 12.00
Project("{FAE04EC0-301F-11D3-BF4B-00C04F79EFBC}") = "Upnext.Domain", "Upnext.Domain\Upnext.Domain.csproj", "{793F433B-9B71-4718-B698-B9D2585F8C19}"
EndProject
Project("{FAE04EC0-301F-11D3-BF4B-00C04F79EFBC}") = "Upnext.Application", "Upnext.Application\Upnext.Application.csproj", "{D4ECDDD1-0ADB-40E4-AD01-88B3C288FDBB}"
EndProject
Project("{FAE04EC0-301F-11D3-BF4B-00C04F79EFBC}") = "Upnext.WebApi", "Upnext.WebApi\Upnext.WebApi.csproj", "{4AB8AA90-5107-4BA5-8C69-42A16AEC7E80}"
EndProject
Project("{FAE04EC0-301F-11D3-BF4B-00C04F79EFBC}") = "Upnext.Postgres", "Upnext.Postgres\Upnext.Postgres.csproj", "{7B983FC2-5C09-4657-B2AC-E48A1777BC65}"
EndProject
Project("{2150E333-8FDC-42A3-9474-1A3956D46DE8}") = "Core", "Core", "{602E0025-2322-418B-B4E9-9BD9EBA2D93C}"
EndProject
Project("{2150E333-8FDC-42A3-9474-1A3956D46DE8}") = "Adapters", "Adapters", "{EA774046-E06A-4DAD-ADE4-E5B22D6D2CBF}"
EndProject
Project("{2150E333-8FDC-42A3-9474-1A3956D46DE8}") = "Apps", "Apps", "{195D85BC-FF5F-4CF4-8716-FF3AF48DC869}"
EndProject
Project("{FAE04EC0-301F-11D3-BF4B-00C04F79EFBC}") = "Upnext.Contracts", "Upnext.Contracts\Upnext.Contracts.csproj", "{64BCDE85-9F3E-4167-B218-E848E150BA19}"
EndProject
Global
	GlobalSection(SolutionConfigurationPlatforms) = preSolution
		Debug|Any CPU = Debug|Any CPU
		Release|Any CPU = Release|Any CPU
	EndGlobalSection
	GlobalSection(ProjectConfigurationPlatforms) = postSolution
		{793F433B-9B71-4718-B698-B9D2585F8C19}.Debug|Any CPU.ActiveCfg = Debug|Any CPU
		{793F433B-9B71-4718-B698-B9D2585F8C19}.Debug|Any CPU.Build.0 = Debug|Any CPU
		{793F433B-9B71-4718-B698-B9D2585F8C19}.Release|Any CPU.ActiveCfg = Release|Any CPU
		{793F433B-9B71-4718-B698-B9D2585F8C19}.Release|Any CPU.Build.0 = Release|Any CPU
		{D4ECDDD1-0ADB-40E4-AD01-88B3C288FDBB}.Debug|Any CPU.ActiveCfg = Debug|Any CPU
		{D4ECDDD1-0ADB-40E4-AD01-88B3C288FDBB}.Debug|Any CPU.Build.0 = Debug|Any CPU
		{D4ECDDD1-0ADB-40E4-AD01-88B3C288FDBB}.Release|Any CPU.ActiveCfg = Release|Any CPU
		{D4ECDDD1-0ADB-40E4-AD01-88B3C288FDBB}.Release|Any CPU.Build.0 = Release|Any CPU
		{4AB8AA90-5107-4BA5-8C69-42A16AEC7E80}.Debug|Any CPU.ActiveCfg = Debug|Any CPU
		{4AB8AA90-5107-4BA5-8C69-42A16AEC7E80}.Debug|Any CPU.Build.0 = Debug|Any CPU
		{4AB8AA90-5107-4BA5-8C69-42A16AEC7E80}.Release|Any CPU.ActiveCfg = Release|Any CPU
		{4AB8AA90-5107-4BA5-8C69-42A16AEC7E80}.Release|Any CPU.Build.0 = Release|Any CPU
		{7B983FC2-5C09-4657-B2AC-E48A1777BC65}.Debug|Any CPU.ActiveCfg = Debug|Any CPU
		{7B983FC2-5C09-4657-B2AC-E48A1777BC65}.Debug|Any CPU.Build.0 = Debug|Any CPU
		{7B983FC2-5C09-4657-B2AC-E48A1777BC65}.Release|Any CPU.ActiveCfg = Release|Any CPU
		{7B983FC2-5C09-4657-B2AC-E48A1777BC65}.Release|Any CPU.Build.0 = Release|Any CPU
		{64BCDE85-9F3E-4167-B218-E848E150BA19}.Debug|Any CPU.ActiveCfg = Debug|Any CPU
		{64BCDE85-9F3E-4167-B218-E848E150BA19}.Debug|Any CPU.Build.0 = Debug|Any CPU
		{64BCDE85-9F3E-4167-B218-E848E150BA19}.Release|Any CPU.ActiveCfg = Release|Any CPU
		{64BCDE85-9F3E-4167-B218-E848E150BA19}.Release|Any CPU.Build.0 = Release|Any CPU
	EndGlobalSection
	GlobalSection(NestedProjects) = preSolution
		{793F433B-9B71-4718-B698-B9D2585F8C19} = {602E0025-2322-418B-B4E9-9BD9EBA2D93C}
		{D4ECDDD1-0ADB-40E4-AD01-88B3C288FDBB} = {602E0025-2322-418B-B4E9-9BD9EBA2D93C}
		{7B983FC2-5C09-4657-B2AC-E48A1777BC65} = {EA774046-E06A-4DAD-ADE4-E5B22D6D2CBF}
		{4AB8AA90-5107-4BA5-8C69-42A16AEC7E80} = {195D85BC-FF5F-4CF4-8716-FF3AF48DC869}
		{64BCDE85-9F3E-4167-B218-E848E150BA19} = {602E0025-2322-418B-B4E9-9BD9EBA2D93C}
	EndGlobalSection
EndGlobal
